{
	"name": "deepsight.gg",
	"lockfileVersion": 3,
	"requires": true,
	"packages": {
		"": {
			"name": "deepsight.gg",
			"devDependencies": {
				"bungie-api-ts": "^5.9.0",
				"conduit.deepsight.gg": "github:chirivulpes/conduit.deepsight.gg#d529a14366d945d041633b8d0178d3d038976231",
				"deepsight.gg": "^1.0.1565",
				"kitsui": "github:fluff4me/kitsui#e223b380111c602d5ce0acbaddfd4f127a4c6555"
			}
		},
		"node_modules/bungie-api-ts": {
			"version": "5.9.0",
			"resolved": "https://registry.npmjs.org/bungie-api-ts/-/bungie-api-ts-5.9.0.tgz",
			"integrity": "sha512-dOU8CJxjkmiU608g+SaopB6WJtuUEFqUgwsGLE2rzbyVO7dMVWKCmH2G1C1KGv6Cb7r3L4c/feovqKg0jXcVTg==",
			"dev": true,
			"license": "MIT",
			"engines": {
				"node": ">=13.2.0"
			}
		},
		"node_modules/conduit.deepsight.gg": {
			"version": "1.0.0",
			"resolved": "git+ssh://git@github.com/chirivulpes/conduit.deepsight.gg.git#d529a14366d945d041633b8d0178d3d038976231",
			"integrity": "sha512-cIjrU7mnu/1rFijjVGuvJTuJ+J8Zjg/wQN0i8k+LFVwoLNoKbbWrZa3kL18CvI7m/N/os2yyZ9s+/CMwaJh3HA==",
			"dev": true,
			"dependencies": {
				"bungie-api-ts": "^5.9.0",
				"deepsight.gg": "^1.0.1565"
			}
		},
		"node_modules/deepsight.gg": {
			"version": "1.0.1565",
			"resolved": "https://registry.npmjs.org/deepsight.gg/-/deepsight.gg-1.0.1565.tgz",
			"integrity": "sha512-ylgzg+NZ1MPIdBvBgHIg4+uNmKxM4Z/0HkHqVopnfV6NPAAkBehG/E6mT/Nup8Ow78Zp2oTO5g5n4wDIG9Aq+g==",
			"dev": true,
			"license": "MIT",
			"dependencies": {
				"bungie-api-ts": "^5.0.0"
			}
		},
		"node_modules/kitsui": {
			"version": "0.0.1",
			"resolved": "git+ssh://git@github.com/fluff4me/kitsui.git#e223b380111c602d5ce0acbaddfd4f127a4c6555",
			"integrity": "sha512-cJynFpT+fKzWf2KgCCk6oRiEwftf+i61cPRhsAePWTyKEfw9R/m/hDiqVYZ/fSNyBNNFjtP6kT8cPwIxjJYaAw==",
			"dev": true
		}
	}
}
