{
	"name": "deepsight.gg",
	"lockfileVersion": 3,
	"requires": true,
	"packages": {
		"": {
			"name": "deepsight.gg",
			"devDependencies": {
				"bungie-api-ts": "^5.9.0",
				"conduit.deepsight.gg": "github:chirivulpes/conduit.deepsight.gg#52340eab9bec1de52c861c5a175faf2680f67ff4",
				"deepsight.gg": "^1.0.1568",
				"kitsui": "github:fluff4me/kitsui#89d9abef568cb7cba673d3d9d0991ed349f6b30c"
			}
		},
		"node_modules/bungie-api-ts": {
			"version": "5.9.0",
			"resolved": "https://registry.npmjs.org/bungie-api-ts/-/bungie-api-ts-5.9.0.tgz",
			"integrity": "sha512-dOU8CJxjkmiU608g+SaopB6WJtuUEFqUgwsGLE2rzbyVO7dMVWKCmH2G1C1KGv6Cb7r3L4c/feovqKg0jXcVTg==",
			"dev": true,
			"license": "MIT",
			"engines": {
				"node": ">=13.2.0"
			}
		},
		"node_modules/conduit.deepsight.gg": {
			"version": "1.0.0",
			"resolved": "git+ssh://git@github.com/chirivulpes/conduit.deepsight.gg.git#52340eab9bec1de52c861c5a175faf2680f67ff4",
			"integrity": "sha512-zB0X1z7qaTGgYiVosXPgIP4GSk3UL/MaPpxdPRQbHRDNGvLIyTcSROKqNeqsxGrlqA/lRjE22GYdBbJ304U5qQ==",
			"dev": true,
			"dependencies": {
				"bungie-api-ts": "^5.9.0",
				"deepsight.gg": "^1.0.1568"
			}
		},
		"node_modules/deepsight.gg": {
			"version": "1.0.1568",
			"resolved": "https://registry.npmjs.org/deepsight.gg/-/deepsight.gg-1.0.1568.tgz",
			"integrity": "sha512-SxKI4kL/tWBmu/gt8/9TNbuKNhAh3lEkShv9qonUc9JMGsg/uzkFg7X7wv/wgSWIsKQpNpQEs/RYviIJ1VgCuw==",
			"dev": true,
			"license": "MIT",
			"dependencies": {
				"bungie-api-ts": "^5.0.0"
			}
		},
		"node_modules/kitsui": {
			"version": "0.0.1",
			"resolved": "git+ssh://git@github.com/fluff4me/kitsui.git#89d9abef568cb7cba673d3d9d0991ed349f6b30c",
			"integrity": "sha512-hSvVlvtMcmRp5+iCpNF0uVRz8Clvjj2eB+lJn5iRHSyaCHUjP/dIQ8tdzGTVM2cqY0Y32fv1o7EYmp7HBU2ByA==",
			"dev": true
		}
	}
}
