{
	"name": "deepsight.gg",
	"lockfileVersion": 3,
	"requires": true,
	"packages": {
		"": {
			"name": "deepsight.gg",
			"devDependencies": {
				"bungie-api-ts": "^5.9.0",
				"conduit.deepsight.gg": "github:chirivulpes/conduit.deepsight.gg#f0b32090d80584d3fd53d530a3791870a58c7788",
				"deepsight.gg": "^1.0.1558",
				"kitsui": "github:fluff4me/kitsui#39a84e42f10e6e603d85afdbb0dec3078456667f"
			}
		},
		"node_modules/bungie-api-ts": {
			"version": "5.9.0",
			"resolved": "https://registry.npmjs.org/bungie-api-ts/-/bungie-api-ts-5.9.0.tgz",
			"integrity": "sha512-dOU8CJxjkmiU608g+SaopB6WJtuUEFqUgwsGLE2rzbyVO7dMVWKCmH2G1C1KGv6Cb7r3L4c/feovqKg0jXcVTg==",
			"dev": true,
			"license": "MIT",
			"engines": {
				"node": ">=13.2.0"
			}
		},
		"node_modules/conduit.deepsight.gg": {
			"version": "1.0.0",
			"resolved": "git+ssh://git@github.com/chirivulpes/conduit.deepsight.gg.git#f0b32090d80584d3fd53d530a3791870a58c7788",
			"integrity": "sha512-leC2DHNORtq4Tahg2r0jmDJzgUA3G2K9WZor4x9Z3pzqxHvusBQG/iDbhlTzI0DnSsmHxELxvKqVYPPI6IvTEA==",
			"dev": true,
			"dependencies": {
				"bungie-api-ts": "^5.9.0",
				"deepsight.gg": "^1.0.1558"
			}
		},
		"node_modules/deepsight.gg": {
			"version": "1.0.1558",
			"resolved": "https://registry.npmjs.org/deepsight.gg/-/deepsight.gg-1.0.1558.tgz",
			"integrity": "sha512-/FLKTWW8OtlxgTzWeuEcsiylq18dVrHykXkEmnqZZfh3XfG0LUNOW0fFZWe6HwVfL+lKasy8UwGAwSJhnXctig==",
			"dev": true,
			"license": "MIT",
			"dependencies": {
				"bungie-api-ts": "^5.0.0"
			}
		},
		"node_modules/kitsui": {
			"version": "0.0.1",
			"resolved": "git+ssh://git@github.com/fluff4me/kitsui.git#39a84e42f10e6e603d85afdbb0dec3078456667f",
			"integrity": "sha512-UZTnGuavAw2Mjjlrr+E0n/bRrv22VwXuhnwfXNNqGnXOJQgRaLE04X2DHxDq6x/OBl1RSVOUyGALjtvR2Rfg6w==",
			"dev": true
		}
	}
}
