lockfileVersion: '9.0'

settings:
  autoInstallPeers: true
  excludeLinksFromLockfile: false

overrides:
  conduit.deepsight.gg>bungie-api-ts: 5.10.0
  conduit.deepsight.gg>deepsight.gg: 1.0.1589
  deepsight.gg>bungie-api-ts: 5.10.0

importers:

  .:
    dependencies:
      bungie-api-ts:
        specifier: 5.10.0
        version: 5.10.0
      conduit.deepsight.gg:
        specifier: github:chirivulpes/conduit.deepsight.gg#c4b47127373e0dcdaa70d7fc1544d3c9be5bc6ca
        version: https://codeload.github.com/chirivulpes/conduit.deepsight.gg/tar.gz/c4b47127373e0dcdaa70d7fc1544d3c9be5bc6ca
      deepsight.gg:
        specifier: 1.0.1589
        version: 1.0.1589
      kitsui:
        specifier: github:fluff4me/kitsui#a971d0b2563257eed5dee065b21a0f9ea8576bf6
        version: https://codeload.github.com/fluff4me/kitsui/tar.gz/a971d0b2563257eed5dee065b21a0f9ea8576bf6

packages:

  bungie-api-ts@5.10.0:
    resolution: {integrity: sha512-3UJCuMJVRrfqUA23mpE/DJ79TWQqhRKuY3hLxUZpcTHQ9wOBWSk6Nyxugx231cIqfPsENnGT0OkBOvIB0s6C5g==}
    engines: {node: '>=13.2.0'}

  conduit.deepsight.gg@https://codeload.github.com/chirivulpes/conduit.deepsight.gg/tar.gz/c4b47127373e0dcdaa70d7fc1544d3c9be5bc6ca:
    resolution: {tarball: https://codeload.github.com/chirivulpes/conduit.deepsight.gg/tar.gz/c4b47127373e0dcdaa70d7fc1544d3c9be5bc6ca}
    version: 1.0.0

  deepsight.gg@1.0.1589:
    resolution: {integrity: sha512-uuEsfP9NtA1KQ1yUzPN/8T1Szh6+zHlIXKFBte6tOVqcYQ9/KWP/+BSjvCV6wbaf7t/L3YvcXHQRToCmS5aH5A==}

  kitsui@https://codeload.github.com/fluff4me/kitsui/tar.gz/a971d0b2563257eed5dee065b21a0f9ea8576bf6:
    resolution: {tarball: https://codeload.github.com/fluff4me/kitsui/tar.gz/a971d0b2563257eed5dee065b21a0f9ea8576bf6}
    version: 0.0.1

snapshots:

  bungie-api-ts@5.10.0: {}

  conduit.deepsight.gg@https://codeload.github.com/chirivulpes/conduit.deepsight.gg/tar.gz/c4b47127373e0dcdaa70d7fc1544d3c9be5bc6ca:
    dependencies:
      bungie-api-ts: 5.10.0
      deepsight.gg: 1.0.1589

  deepsight.gg@1.0.1589:
    dependencies:
      bungie-api-ts: 5.10.0

  kitsui@https://codeload.github.com/fluff4me/kitsui/tar.gz/a971d0b2563257eed5dee065b21a0f9ea8576bf6: {}
